
Microsoft Visual Studio Solution File, Format Version 12.00
# Visual Studio Version 17
VisualStudioVersion = 17.5.33516.290
MinimumVisualStudioVersion = 10.0.40219.1
Project("{8BC9CEB8-8B4A-11D0-8D11-00A0C91BC942}") = "basic", "basic\basic.vcxproj", "{06DBC11B-2472-4884-8B97-A1E2D755350F}"
EndProject
Project("{8BC9CEB8-8B4A-11D0-8D11-00A0C91BC942}") = "pointers", "pointers\pointers.vcxproj", "{5028FE86-BD26-4E9A-B3A5-C1A9A57B2E52}"
EndProject
Project("{8BC9CEB8-8B4A-11D0-8D11-00A0C91BC942}") = "methods", "methods\methods.vcxproj", "{1EE5B812-36D7-45A2-BCB4-5A04091F48DC}"
EndProject
Project("{8BC9CEB8-8B4A-11D0-8D11-00A0C91BC942}") = "classes", "classes\classes.vcxproj", "{84753D61-46DB-445D-908F-CB390E0DCAB2}"
EndProject
Project("{54435603-DBB4-11D2-8724-00A0C9A8B90C}") = "BasicInstaller", "BasicInstaller\BasicInstaller.vdproj", "{E1F7E960-738E-4111-BAC9-82E4F542B291}"
EndProject
Global
	GlobalSection(SolutionConfigurationPlatforms) = preSolution
		Debug|x64 = Debug|x64
		Debug|x86 = Debug|x86
		Release|x64 = Release|x64
		Release|x86 = Release|x86
	EndGlobalSection
	GlobalSection(ProjectConfigurationPlatforms) = postSolution
		{06DBC11B-2472-4884-8B97-A1E2D755350F}.Debug|x64.ActiveCfg = Debug|x64
		{06DBC11B-2472-4884-8B97-A1E2D755350F}.Debug|x64.Build.0 = Debug|x64
		{06DBC11B-2472-4884-8B97-A1E2D755350F}.Debug|x86.ActiveCfg = Debug|Win32
		{06DBC11B-2472-4884-8B97-A1E2D755350F}.Debug|x86.Build.0 = Debug|Win32
		{06DBC11B-2472-4884-8B97-A1E2D755350F}.Release|x64.ActiveCfg = Release|x64
		{06DBC11B-2472-4884-8B97-A1E2D755350F}.Release|x64.Build.0 = Release|x64
		{06DBC11B-2472-4884-8B97-A1E2D755350F}.Release|x86.ActiveCfg = Release|Win32
		{06DBC11B-2472-4884-8B97-A1E2D755350F}.Release|x86.Build.0 = Release|Win32
		{5028FE86-BD26-4E9A-B3A5-C1A9A57B2E52}.Debug|x64.ActiveCfg = Debug|x64
		{5028FE86-BD26-4E9A-B3A5-C1A9A57B2E52}.Debug|x64.Build.0 = Debug|x64
		{5028FE86-BD26-4E9A-B3A5-C1A9A57B2E52}.Debug|x86.ActiveCfg = Debug|Win32
		{5028FE86-BD26-4E9A-B3A5-C1A9A57B2E52}.Debug|x86.Build.0 = Debug|Win32
		{5028FE86-BD26-4E9A-B3A5-C1A9A57B2E52}.Release|x64.ActiveCfg = Release|x64
		{5028FE86-BD26-4E9A-B3A5-C1A9A57B2E52}.Release|x64.Build.0 = Release|x64
		{5028FE86-BD26-4E9A-B3A5-C1A9A57B2E52}.Release|x86.ActiveCfg = Release|Win32
		{5028FE86-BD26-4E9A-B3A5-C1A9A57B2E52}.Release|x86.Build.0 = Release|Win32
		{1EE5B812-36D7-45A2-BCB4-5A04091F48DC}.Debug|x64.ActiveCfg = Debug|x64
		{1EE5B812-36D7-45A2-BCB4-5A04091F48DC}.Debug|x64.Build.0 = Debug|x64
		{1EE5B812-36D7-45A2-BCB4-5A04091F48DC}.Debug|x86.ActiveCfg = Debug|Win32
		{1EE5B812-36D7-45A2-BCB4-5A04091F48DC}.Debug|x86.Build.0 = Debug|Win32
		{1EE5B812-36D7-45A2-BCB4-5A04091F48DC}.Release|x64.ActiveCfg = Release|x64
		{1EE5B812-36D7-45A2-BCB4-5A04091F48DC}.Release|x64.Build.0 = Release|x64
		{1EE5B812-36D7-45A2-BCB4-5A04091F48DC}.Release|x86.ActiveCfg = Release|Win32
		{1EE5B812-36D7-45A2-BCB4-5A04091F48DC}.Release|x86.Build.0 = Release|Win32
		{84753D61-46DB-445D-908F-CB390E0DCAB2}.Debug|x64.ActiveCfg = Debug|x64
		{84753D61-46DB-445D-908F-CB390E0DCAB2}.Debug|x64.Build.0 = Debug|x64
		{84753D61-46DB-445D-908F-CB390E0DCAB2}.Debug|x86.ActiveCfg = Debug|Win32
		{84753D61-46DB-445D-908F-CB390E0DCAB2}.Debug|x86.Build.0 = Debug|Win32
		{84753D61-46DB-445D-908F-CB390E0DCAB2}.Release|x64.ActiveCfg = Release|x64
		{84753D61-46DB-445D-908F-CB390E0DCAB2}.Release|x64.Build.0 = Release|x64
		{84753D61-46DB-445D-908F-CB390E0DCAB2}.Release|x86.ActiveCfg = Release|Win32
		{84753D61-46DB-445D-908F-CB390E0DCAB2}.Release|x86.Build.0 = Release|Win32
		{E1F7E960-738E-4111-BAC9-82E4F542B291}.Debug|x64.ActiveCfg = Debug
		{E1F7E960-738E-4111-BAC9-82E4F542B291}.Debug|x86.ActiveCfg = Debug
		{E1F7E960-738E-4111-BAC9-82E4F542B291}.Release|x64.ActiveCfg = Release
		{E1F7E960-738E-4111-BAC9-82E4F542B291}.Release|x86.ActiveCfg = Release
	EndGlobalSection
	GlobalSection(SolutionProperties) = preSolution
		HideSolutionNode = FALSE
	EndGlobalSection
	GlobalSection(ExtensibilityGlobals) = postSolution
		SolutionGuid = {099AAE52-A285-40C4-B4ED-C7EE31E2D53F}
	EndGlobalSection
EndGlobal
